
Microsoft Visual Studio Solution File, Format Version 12.00
# Visual Studio Version 17
VisualStudioVersion = 17.14.36301.6 d17.14
MinimumVisualStudioVersion = 10.0.40219.1
Project("{FAE04EC0-301F-11D3-BF4B-00C04F79EFBC}") = "WebServer_DoAn", "WebServer_DoAn.csproj", "{B38C48AF-C559-4300-ADBA-E5C99D503FBA}"
EndProject
Global
	GlobalSection(SolutionConfigurationPlatforms) = preSolution
		Debug|Any CPU = Debug|Any CPU
		Release|Any CPU = Release|Any CPU
	EndGlobalSection
	GlobalSection(ProjectConfigurationPlatforms) = postSolution
		{B38C48AF-C559-4300-ADBA-E5C99D503FBA}.Debug|Any CPU.ActiveCfg = Debug|Any CPU
		{B38C48AF-C559-4300-ADBA-E5C99D503FBA}.Debug|Any CPU.Build.0 = Debug|Any CPU
		{B38C48AF-C559-4300-ADBA-E5C99D503FBA}.Release|Any CPU.ActiveCfg = Release|Any CPU
		{B38C48AF-C559-4300-ADBA-E5C99D503FBA}.Release|Any CPU.Build.0 = Release|Any CPU
	EndGlobalSection
	GlobalSection(SolutionProperties) = preSolution
		HideSolutionNode = FALSE
	EndGlobalSection
	GlobalSection(ExtensibilityGlobals) = postSolution
		SolutionGuid = {06388A63-EED7-4934-B4D9-AF944BF83ACE}
	EndGlobalSection
EndGlobal
